
Microsoft Visual Studio Solution File, Format Version 12.00
# Visual Studio 2012
Project("{8BC9CEB8-8B4A-11D0-8D11-00A0C91BC942}") = "HeuristicsWhenOptimized", "HeuristicsWhenOptimized\HeuristicsWhenOptimized.vcxproj", "{0880D2C1-6277-4353-9518-AC72CFDD69ED}"
EndProject
Global
	GlobalSection(SolutionConfigurationPlatforms) = preSolution
		Debug|Win32 = Debug|Win32
		Debug|x64 = Debug|x64
		Release|Win32 = Release|Win32
		Release|x64 = Release|x64
	EndGlobalSection
	GlobalSection(ProjectConfigurationPlatforms) = postSolution
		{0880D2C1-6277-4353-9518-AC72CFDD69ED}.Debug|Win32.ActiveCfg = Debug|Win32
		{0880D2C1-6277-4353-9518-AC72CFDD69ED}.Debug|Win32.Build.0 = Debug|Win32
		{0880D2C1-6277-4353-9518-AC72CFDD69ED}.Debug|x64.ActiveCfg = Debug|x64
		{0880D2C1-6277-4353-9518-AC72CFDD69ED}.Debug|x64.Build.0 = Debug|x64
		{0880D2C1-6277-4353-9518-AC72CFDD69ED}.Release|Win32.ActiveCfg = Release|Win32
		{0880D2C1-6277-4353-9518-AC72CFDD69ED}.Release|Win32.Build.0 = Release|Win32
		{0880D2C1-6277-4353-9518-AC72CFDD69ED}.Release|x64.ActiveCfg = Release|x64
		{0880D2C1-6277-4353-9518-AC72CFDD69ED}.Release|x64.Build.0 = Release|x64
	EndGlobalSection
	GlobalSection(SolutionProperties) = preSolution
		HideSolutionNode = FALSE
	EndGlobalSection
EndGlobal
