
Microsoft Visual Studio Solution File, Format Version 11.00
# Visual Studio 2010
Project("{FAE04EC0-301F-11D3-BF4B-00C04F79EFBC}") = "StupidNotepad", "StupidNotepad\StupidNotepad.csproj", "{65EEBD6A-7134-47D1-B68C-FE3E4EF370E4}"
EndProject
Global
	GlobalSection(SolutionConfigurationPlatforms) = preSolution
		Debug|x86 = Debug|x86
		Release|x86 = Release|x86
	EndGlobalSection
	GlobalSection(ProjectConfigurationPlatforms) = postSolution
		{65EEBD6A-7134-47D1-B68C-FE3E4EF370E4}.Debug|x86.ActiveCfg = Debug|x86
		{65EEBD6A-7134-47D1-B68C-FE3E4EF370E4}.Debug|x86.Build.0 = Debug|x86
		{65EEBD6A-7134-47D1-B68C-FE3E4EF370E4}.Release|x86.ActiveCfg = Release|x86
		{65EEBD6A-7134-47D1-B68C-FE3E4EF370E4}.Release|x86.Build.0 = Release|x86
	EndGlobalSection
	GlobalSection(SolutionProperties) = preSolution
		HideSolutionNode = FALSE
	EndGlobalSection
EndGlobal
